// !$*UTF8*$!
{
	archiveVersion = 1;
	classes = {
	};
	objectVersion = 46;
	objects = {

/* Begin PBXBuildFile section */
		B05CDA551695043C00240C07 /* fractal.cpp in Sources */ = {isa = PBXBuildFile; fileRef = B05CDA531695043C00240C07 /* fractal.cpp */; };
		B0A2D38A1688A13700BE29E2 /* main.cpp in Sources */ = {isa = PBXBuildFile; fileRef = B0A2D3891688A13700BE29E2 /* main.cpp */; };
		B0A2D38C1688A13700BE29E2 /* GlutProject.1 in CopyFiles */ = {isa = PBXBuildFile; fileRef = B0A2D38B1688A13700BE29E2 /* GlutProject.1 */; };
		B0A2D3951688A15D00BE29E2 /* GLUT.framework in Frameworks */ = {isa = PBXBuildFile; fileRef = B0A2D3941688A15D00BE29E2 /* GLUT.framework */; };
		B0A2D3971688A49700BE29E2 /* OpenGL.framework in Frameworks */ = {isa = PBXBuildFile; fileRef = B0A2D3961688A49700BE29E2 /* OpenGL.framework */; };
/* End PBXBuildFile section */

/* Begin PBXCopyFilesBuildPhase section */
		B0A2D3831688A13700BE29E2 /* CopyFiles */ = {
			isa = PBXCopyFilesBuildPhase;
			buildActionMask = 2147483647;
			dstPath = /usr/share/man/man1/;
			dstSubfolderSpec = 0;
			files = (
				B0A2D38C1688A13700BE29E2 /* GlutProject.1 in CopyFiles */,
			);
			runOnlyForDeploymentPostprocessing = 1;
		};
/* End PBXCopyFilesBuildPhase section */

/* Begin PBXFileReference section */
		B05CDA531695043C00240C07 /* fractal.cpp */ = {isa = PBXFileReference; fileEncoding = 4; lastKnownFileType = sourcecode.cpp.cpp; path = fractal.cpp; sourceTree = "<group>"; };
		B05CDA541695043C00240C07 /* fractal.h */ = {isa = PBXFileReference; fileEncoding = 4; lastKnownFileType = sourcecode.c.h; path = fractal.h; sourceTree = "<group>"; };
		B0A2D3851688A13700BE29E2 /* GlutProject */ = {isa = PBXFileReference; explicitFileType = "compiled.mach-o.executable"; includeInIndex = 0; path = GlutProject; sourceTree = BUILT_PRODUCTS_DIR; };
		B0A2D3891688A13700BE29E2 /* main.cpp */ = {isa = PBXFileReference; lastKnownFileType = sourcecode.cpp.cpp; path = main.cpp; sourceTree = "<group>"; };
		B0A2D38B1688A13700BE29E2 /* GlutProject.1 */ = {isa = PBXFileReference; lastKnownFileType = text.man; path = GlutProject.1; sourceTree = "<group>"; };
		B0A2D3941688A15D00BE29E2 /* GLUT.framework */ = {isa = PBXFileReference; lastKnownFileType = wrapper.framework; name = GLUT.framework; path = System/Library/Frameworks/GLUT.framework; sourceTree = SDKROOT; };
		B0A2D3961688A49700BE29E2 /* OpenGL.framework */ = {isa = PBXFileReference; lastKnownFileType = wrapper.framework; name = OpenGL.framework; path = System/Library/Frameworks/OpenGL.framework; sourceTree = SDKROOT; };
		B0A2D3981688A7EC00BE29E2 /* objective */ = {isa = PBXFileReference; fileEncoding = 4; lastKnownFileType = text; path = objective; sourceTree = "<group>"; };
/* End PBXFileReference section */

/* Begin PBXFrameworksBuildPhase section */
		B0A2D3821688A13700BE29E2 /* Frameworks */ = {
			isa = PBXFrameworksBuildPhase;
			buildActionMask = 2147483647;
			files = (
				B0A2D3971688A49700BE29E2 /* OpenGL.framework in Frameworks */,
				B0A2D3951688A15D00BE29E2 /* GLUT.framework in Frameworks */,
			);
			runOnlyForDeploymentPostprocessing = 0;
		};
/* End PBXFrameworksBuildPhase section */

/* Begin PBXGroup section */
		B0A2D37A1688A13700BE29E2 = {
			isa = PBXGroup;
			children = (
				B0A2D3961688A49700BE29E2 /* OpenGL.framework */,
				B0A2D3941688A15D00BE29E2 /* GLUT.framework */,
				B0A2D3881688A13700BE29E2 /* GlutProject */,
				B0A2D3861688A13700BE29E2 /* Products */,
			);
			sourceTree = "<group>";
		};
		B0A2D3861688A13700BE29E2 /* Products */ = {
			isa = PBXGroup;
			children = (
				B0A2D3851688A13700BE29E2 /* GlutProject */,
			);
			name = Products;
			sourceTree = "<group>";
		};
		B0A2D3881688A13700BE29E2 /* GlutProject */ = {
			isa = PBXGroup;
			children = (
				B0A2D3891688A13700BE29E2 /* main.cpp */,
				B05CDA531695043C00240C07 /* fractal.cpp */,
				B05CDA541695043C00240C07 /* fractal.h */,
				B0A2D3981688A7EC00BE29E2 /* objective */,
				B0A2D38B1688A13700BE29E2 /* GlutProject.1 */,
			);
			path = GlutProject;
			sourceTree = "<group>";
		};
/* End PBXGroup section */

/* Begin PBXNativeTarget section */
		B0A2D3841688A13700BE29E2 /* GlutProject */ = {
			isa = PBXNativeTarget;
			buildConfigurationList = B0A2D38F1688A13700BE29E2 /* Build configuration list for PBXNativeTarget "GlutProject" */;
			buildPhases = (
				B0A2D3811688A13700BE29E2 /* Sources */,
				B0A2D3821688A13700BE29E2 /* Frameworks */,
				B0A2D3831688A13700BE29E2 /* CopyFiles */,
			);
			buildRules = (
			);
			dependencies = (
			);
			name = GlutProject;
			productName = GlutProject;
			productReference = B0A2D3851688A13700BE29E2 /* GlutProject */;
			productType = "com.apple.product-type.tool";
		};
/* End PBXNativeTarget section */

/* Begin PBXProject section */
		B0A2D37C1688A13700BE29E2 /* Project object */ = {
			isa = PBXProject;
			attributes = {
				LastUpgradeCheck = 0450;
				ORGANIZATIONNAME = Bunny;
			};
			buildConfigurationList = B0A2D37F1688A13700BE29E2 /* Build configuration list for PBXProject "GlutProject" */;
			compatibilityVersion = "Xcode 3.2";
			developmentRegion = English;
			hasScannedForEncodings = 0;
			knownRegions = (
				en,
			);
			mainGroup = B0A2D37A1688A13700BE29E2;
			productRefGroup = B0A2D3861688A13700BE29E2 /* Products */;
			projectDirPath = "";
			projectRoot = "";
			targets = (
				B0A2D3841688A13700BE29E2 /* GlutProject */,
			);
		};
/* End PBXProject section */

/* Begin PBXSourcesBuildPhase section */
		B0A2D3811688A13700BE29E2 /* Sources */ = {
			isa = PBXSourcesBuildPhase;
			buildActionMask = 2147483647;
			files = (
				B0A2D38A1688A13700BE29E2 /* main.cpp in Sources */,
				B05CDA551695043C00240C07 /* fractal.cpp in Sources */,
			);
			runOnlyForDeploymentPostprocessing = 0;
		};
/* End PBXSourcesBuildPhase section */

/* Begin XCBuildConfiguration section */
		B0A2D38D1688A13700BE29E2 /* Debug */ = {
			isa = XCBuildConfiguration;
			buildSettings = {
				ALWAYS_SEARCH_USER_PATHS = NO;
				ARCHS = "$(ARCHS_STANDARD_64_BIT)";
				CLANG_CXX_LANGUAGE_STANDARD = "gnu++0x";
				CLANG_CXX_LIBRARY = "libc++";
				CLANG_WARN_EMPTY_BODY = YES;
				CLANG_WARN__DUPLICATE_METHOD_MATCH = YES;
				COPY_PHASE_STRIP = NO;
				GCC_C_LANGUAGE_STANDARD = gnu99;
				GCC_DYNAMIC_NO_PIC = NO;
				GCC_ENABLE_OBJC_EXCEPTIONS = YES;
				GCC_OPTIMIZATION_LEVEL = 0;
				GCC_PREPROCESSOR_DEFINITIONS = (
					"DEBUG=1",
					"$(inherited)",
				);
				GCC_SYMBOLS_PRIVATE_EXTERN = NO;
				GCC_WARN_64_TO_32_BIT_CONVERSION = YES;
				GCC_WARN_ABOUT_RETURN_TYPE = YES;
				GCC_WARN_UNINITIALIZED_AUTOS = YES;
				GCC_WARN_UNUSED_VARIABLE = YES;
				MACOSX_DEPLOYMENT_TARGET = 10.8;
				ONLY_ACTIVE_ARCH = YES;
				SDKROOT = macosx;
			};
			name = Debug;
		};
		B0A2D38E1688A13700BE29E2 /* Release */ = {
			isa = XCBuildConfiguration;
			buildSettings = {
				ALWAYS_SEARCH_USER_PATHS = NO;
				ARCHS = "$(ARCHS_STANDARD_64_BIT)";
				CLANG_CXX_LANGUAGE_STANDARD = "gnu++0x";
				CLANG_CXX_LIBRARY = "libc++";
				CLANG_WARN_EMPTY_BODY = YES;
				CLANG_WARN__DUPLICATE_METHOD_MATCH = YES;
				COPY_PHASE_STRIP = YES;
				DEBUG_INFORMATION_FORMAT = "dwarf-with-dsym";
				GCC_C_LANGUAGE_STANDARD = gnu99;
				GCC_ENABLE_OBJC_EXCEPTIONS = YES;
				GCC_WARN_64_TO_32_BIT_CONVERSION = YES;
				GCC_WARN_ABOUT_RETURN_TYPE = YES;
				GCC_WARN_UNINITIALIZED_AUTOS = YES;
				GCC_WARN_UNUSED_VARIABLE = YES;
				MACOSX_DEPLOYMENT_TARGET = 10.8;
				SDKROOT = macosx;
			};
			name = Release;
		};
		B0A2D3901688A13700BE29E2 /* Debug */ = {
			isa = XCBuildConfiguration;
			buildSettings = {
				PRODUCT_NAME = "$(TARGET_NAME)";
			};
			name = Debug;
		};
		B0A2D3911688A13700BE29E2 /* Release */ = {
			isa = XCBuildConfiguration;
			buildSettings = {
				PRODUCT_NAME = "$(TARGET_NAME)";
			};
			name = Release;
		};
/* End XCBuildConfiguration section */

/* Begin XCConfigurationList section */
		B0A2D37F1688A13700BE29E2 /* Build configuration list for PBXProject "GlutProject" */ = {
			isa = XCConfigurationList;
			buildConfigurations = (
				B0A2D38D1688A13700BE29E2 /* Debug */,
				B0A2D38E1688A13700BE29E2 /* Release */,
			);
			defaultConfigurationIsVisible = 0;
			defaultConfigurationName = Release;
		};
		B0A2D38F1688A13700BE29E2 /* Build configuration list for PBXNativeTarget "GlutProject" */ = {
			isa = XCConfigurationList;
			buildConfigurations = (
				B0A2D3901688A13700BE29E2 /* Debug */,
				B0A2D3911688A13700BE29E2 /* Release */,
			);
			defaultConfigurationIsVisible = 0;
			defaultConfigurationName = Release;
		};
/* End XCConfigurationList section */
	};
	rootObject = B0A2D37C1688A13700BE29E2 /* Project object */;
}
